
Microsoft Visual Studio Solution File, Format Version 11.00
# Visual Studio 2010
Project("{FAE04EC0-301F-11D3-BF4B-00C04F79EFBC}") = "EscapeDungeon", "Assembly-CSharp.csproj", "{B3F818D5-7FDB-A9BD-5F6A-4D79FBA20E1F}"
EndProject
Project("{FAE04EC0-301F-11D3-BF4B-00C04F79EFBC}") = "EscapeDungeon", "Assembly-CSharp-Editor.csproj", "{B318E801-9E05-A70C-7699-F8739699D245}"
EndProject
Global
	GlobalSection(SolutionConfigurationPlatforms) = preSolution
		Debug|Any CPU = Debug|Any CPU
		Release|Any CPU = Release|Any CPU
	EndGlobalSection
	GlobalSection(ProjectConfigurationPlatforms) = postSolution
		{B3F818D5-7FDB-A9BD-5F6A-4D79FBA20E1F}.Debug|Any CPU.ActiveCfg = Debug|Any CPU
		{B3F818D5-7FDB-A9BD-5F6A-4D79FBA20E1F}.Debug|Any CPU.Build.0 = Debug|Any CPU
		{B3F818D5-7FDB-A9BD-5F6A-4D79FBA20E1F}.Release|Any CPU.ActiveCfg = Release|Any CPU
		{B3F818D5-7FDB-A9BD-5F6A-4D79FBA20E1F}.Release|Any CPU.Build.0 = Release|Any CPU
		{B318E801-9E05-A70C-7699-F8739699D245}.Debug|Any CPU.ActiveCfg = Debug|Any CPU
		{B318E801-9E05-A70C-7699-F8739699D245}.Debug|Any CPU.Build.0 = Debug|Any CPU
		{B318E801-9E05-A70C-7699-F8739699D245}.Release|Any CPU.ActiveCfg = Release|Any CPU
		{B318E801-9E05-A70C-7699-F8739699D245}.Release|Any CPU.Build.0 = Release|Any CPU
	EndGlobalSection
	GlobalSection(SolutionProperties) = preSolution
		HideSolutionNode = FALSE
	EndGlobalSection
	GlobalSection(MonoDevelopProperties) = preSolution
		StartupItem = Assembly-CSharp.csproj
	EndGlobalSection
EndGlobal
